
Microsoft Visual Studio Solution File, Format Version 12.00
# Visual Studio Version 16
VisualStudioVersion = 16.0.30907.101
MinimumVisualStudioVersion = 10.0.40219.1
Project("{FAE04EC0-301F-11D3-BF4B-00C04F79EFBC}") = "FB2Sorter", "FB2Sorter\FB2Sorter.csproj", "{001F7995-812E-4CD4-BD40-6DCB848EA604}"
EndProject
Global
	GlobalSection(SolutionConfigurationPlatforms) = preSolution
		Debug|Any CPU = Debug|Any CPU
		Release|Any CPU = Release|Any CPU
	EndGlobalSection
	GlobalSection(ProjectConfigurationPlatforms) = postSolution
		{001F7995-812E-4CD4-BD40-6DCB848EA604}.Debug|Any CPU.ActiveCfg = Debug|Any CPU
		{001F7995-812E-4CD4-BD40-6DCB848EA604}.Debug|Any CPU.Build.0 = Debug|Any CPU
		{001F7995-812E-4CD4-BD40-6DCB848EA604}.Release|Any CPU.ActiveCfg = Release|Any CPU
		{001F7995-812E-4CD4-BD40-6DCB848EA604}.Release|Any CPU.Build.0 = Release|Any CPU
	EndGlobalSection
	GlobalSection(SolutionProperties) = preSolution
		HideSolutionNode = FALSE
	EndGlobalSection
	GlobalSection(ExtensibilityGlobals) = postSolution
		SolutionGuid = {4001FC35-665C-4B62-929B-7D342DBADB75}
	EndGlobalSection
EndGlobal
